// !$*UTF8*$!
{
	archiveVersion = 1;
	classes = {
	};
	objectVersion = 48;
	objects = {

/* Begin PBXBuildFile section */
		2DC0C57E3ED883E67560C0E7 /* UIMiniMap.swift in Sources */ = {isa = PBXBuildFile; fileRef = 2DC0C7627A0C09D55356C103 /* UIMiniMap.swift */; };
		2DC0C67C5877C2F00BECEC87 /* DateUtils.swift in Sources */ = {isa = PBXBuildFile; fileRef = 2DC0C988AB9B8A97678EF2B3 /* DateUtils.swift */; };
		7CBAB096A5461810D6A4A121 /* Pods_iBill.framework in Frameworks */ = {isa = PBXBuildFile; fileRef = 89268E954676FD783A0CE87F /* Pods_iBill.framework */; };
		BD0A6472201653E0005B19CF /* AppDelegate.swift in Sources */ = {isa = PBXBuildFile; fileRef = BD0A6471201653E0005B19CF /* AppDelegate.swift */; };
		BD0A6474201653E0005B19CF /* ViewController.swift in Sources */ = {isa = PBXBuildFile; fileRef = BD0A6473201653E0005B19CF /* ViewController.swift */; };
		BD0A647A201653E1005B19CF /* iBill.xcdatamodeld in Sources */ = {isa = PBXBuildFile; fileRef = BD0A6478201653E1005B19CF /* iBill.xcdatamodeld */; };
		BD0A647C201653E1005B19CF /* Assets.xcassets in Resources */ = {isa = PBXBuildFile; fileRef = BD0A647B201653E1005B19CF /* Assets.xcassets */; };
		BD0A647F201653E1005B19CF /* LaunchScreen.storyboard in Resources */ = {isa = PBXBuildFile; fileRef = BD0A647D201653E1005B19CF /* LaunchScreen.storyboard */; };
		BD0A648A201653E1005B19CF /* iBillTests.swift in Sources */ = {isa = PBXBuildFile; fileRef = BD0A6489201653E1005B19CF /* iBillTests.swift */; };
		BD0A6495201653E1005B19CF /* iBillUITests.swift in Sources */ = {isa = PBXBuildFile; fileRef = BD0A6494201653E1005B19CF /* iBillUITests.swift */; };
		BD0A64A52016694D005B19CF /* Context.swift in Sources */ = {isa = PBXBuildFile; fileRef = BD0A64A42016694D005B19CF /* Context.swift */; };
		BD166D072030A00D00CFE5C0 /* PrivacyAsker.swift in Sources */ = {isa = PBXBuildFile; fileRef = BD166D062030A00D00CFE5C0 /* PrivacyAsker.swift */; };
		BD166D0920317AE800CFE5C0 /* UIModalView.swift in Sources */ = {isa = PBXBuildFile; fileRef = BD166D0820317AE800CFE5C0 /* UIModalView.swift */; };
		BD166D0B2031A68A00CFE5C0 /* UIViewAnimationHandler.swift in Sources */ = {isa = PBXBuildFile; fileRef = BD166D0A2031A68A00CFE5C0 /* UIViewAnimationHandler.swift */; };
		BD166D0E2031A89C00CFE5C0 /* UIViewMaker.swift in Sources */ = {isa = PBXBuildFile; fileRef = BD166D0D2031A89C00CFE5C0 /* UIViewMaker.swift */; };
		BD166D132032171E00CFE5C0 /* UIMiniMapInfo.swift in Sources */ = {isa = PBXBuildFile; fileRef = BD166D122032171E00CFE5C0 /* UIMiniMapInfo.swift */; };
		BD166D162032211400CFE5C0 /* MapKit.framework in Frameworks */ = {isa = PBXBuildFile; fileRef = BD166D152032211400CFE5C0 /* MapKit.framework */; };
		BD18843B2016FBEA000DA074 /* AccountMao.swift in Sources */ = {isa = PBXBuildFile; fileRef = BD18843A2016FBEA000DA074 /* AccountMao.swift */; };
		BD18843D2016FC86000DA074 /* Mao.swift in Sources */ = {isa = PBXBuildFile; fileRef = BD18843C2016FC86000DA074 /* Mao.swift */; };
		BD204FCD201AD2E100965300 /* BAAction.swift in Sources */ = {isa = PBXBuildFile; fileRef = BD204FCC201AD2E100965300 /* BAAction.swift */; };
		BD204FCF201AD56E00965300 /* VWAction.swift in Sources */ = {isa = PBXBuildFile; fileRef = BD204FCE201AD56E00965300 /* VWAction.swift */; };
		BD204FD2201ADA1400965300 /* ACMoelimpl.swift in Sources */ = {isa = PBXBuildFile; fileRef = BD204FD1201ADA1400965300 /* ACMoelimpl.swift */; };
		BD204FD5201AE03E00965300 /* Account.storyboard in Resources */ = {isa = PBXBuildFile; fileRef = BD204FD4201AE03E00965300 /* Account.storyboard */; };
		BD204FD8201AE20200965300 /* LoginVC.swift in Sources */ = {isa = PBXBuildFile; fileRef = BD204FD7201AE20200965300 /* LoginVC.swift */; };
		BD204FDB201AE58500965300 /* LoginViewModelImpl.swift in Sources */ = {isa = PBXBuildFile; fileRef = BD204FDA201AE58500965300 /* LoginViewModelImpl.swift */; };
		BD204FDD201AE96400965300 /* PrtcLogivView.swift in Sources */ = {isa = PBXBuildFile; fileRef = BD204FDC201AE96400965300 /* PrtcLogivView.swift */; };
		BD204FDF201B8ED500965300 /* ACServerImpl.swift in Sources */ = {isa = PBXBuildFile; fileRef = BD204FDE201B8ED500965300 /* ACServerImpl.swift */; };
		BD204FE1201D73E400965300 /* LoginViewModel.swift in Sources */ = {isa = PBXBuildFile; fileRef = BD204FE0201D73E400965300 /* LoginViewModel.swift */; };
		BD204FE6201D970700965300 /* JoinView.swift in Sources */ = {isa = PBXBuildFile; fileRef = BD204FE5201D970700965300 /* JoinView.swift */; };
		BD204FE8201D9A2900965300 /* JoinVC.swift in Sources */ = {isa = PBXBuildFile; fileRef = BD204FE7201D9A2900965300 /* JoinVC.swift */; };
		BD204FEA201D9A9800965300 /* ForgetVC.swift in Sources */ = {isa = PBXBuildFile; fileRef = BD204FE9201D9A9800965300 /* ForgetVC.swift */; };
		BD204FEC201D9AA700965300 /* ForgetView.swift in Sources */ = {isa = PBXBuildFile; fileRef = BD204FEB201D9AA700965300 /* ForgetView.swift */; };
		BD204FEE201D9AC100965300 /* ConfirmView.swift in Sources */ = {isa = PBXBuildFile; fileRef = BD204FED201D9AC100965300 /* ConfirmView.swift */; };
		BD204FF0201D9ADB00965300 /* ConfirmVC.swift in Sources */ = {isa = PBXBuildFile; fileRef = BD204FEF201D9ADB00965300 /* ConfirmVC.swift */; };
		BD21FD0A2017188700062847 /* AccountMaoTest.swift in Sources */ = {isa = PBXBuildFile; fileRef = BD21FD092017188700062847 /* AccountMaoTest.swift */; };
		BD529A0A20172DA400FB9193 /* Sampler.swift in Sources */ = {isa = PBXBuildFile; fileRef = BD529A0920172DA400FB9193 /* Sampler.swift */; };
		BD529A0C2017365300FB9193 /* IconsMao.swift in Sources */ = {isa = PBXBuildFile; fileRef = BD529A0B2017365300FB9193 /* IconsMao.swift */; };
		BD529A0F2017383600FB9193 /* TextReader.swift in Sources */ = {isa = PBXBuildFile; fileRef = BD529A0E2017383600FB9193 /* TextReader.swift */; };
		BD529A152017414600FB9193 /* TextReaderTest.swift in Sources */ = {isa = PBXBuildFile; fileRef = BD529A142017414500FB9193 /* TextReaderTest.swift */; };
		BD529A172017953C00FB9193 /* iconList.txt in Resources */ = {isa = PBXBuildFile; fileRef = BD529A162017953C00FB9193 /* iconList.txt */; };
		BD529A19201797EF00FB9193 /* IconsMaoTest.swift in Sources */ = {isa = PBXBuildFile; fileRef = BD529A18201797EF00FB9193 /* IconsMaoTest.swift */; };
		BD69D6B8201F6D97004B1099 /* UIPauseView.swift in Sources */ = {isa = PBXBuildFile; fileRef = BD69D6B7201F6D97004B1099 /* UIPauseView.swift */; };
		BD8EA5BB201A170E001F6BB1 /* SPMoneyMaoTest.swift in Sources */ = {isa = PBXBuildFile; fileRef = BD8EA5BA201A170E001F6BB1 /* SPMoneyMaoTest.swift */; };
		BD8EA5BC201A1AED001F6BB1 /* Sampler.swift in Sources */ = {isa = PBXBuildFile; fileRef = BD529A0920172DA400FB9193 /* Sampler.swift */; };
		BDA5CE81202F3045001BB606 /* UICharacterView.swift in Sources */ = {isa = PBXBuildFile; fileRef = BDA5CE80202F3045001BB606 /* UICharacterView.swift */; };
		BDA5CE83202F3538001BB606 /* PrtcUICharacterView.swift in Sources */ = {isa = PBXBuildFile; fileRef = BDA5CE82202F3538001BB606 /* PrtcUICharacterView.swift */; };
		BDA5CE85202F3794001BB606 /* UIGaugeBar.swift in Sources */ = {isa = PBXBuildFile; fileRef = BDA5CE84202F3794001BB606 /* UIGaugeBar.swift */; };
		BDA5CE8B202FF8E5001BB606 /* UIAllocator.swift in Sources */ = {isa = PBXBuildFile; fileRef = BDA5CE8A202FF8E5001BB606 /* UIAllocator.swift */; };
		BDB58F4B20184DE0003FE358 /* SPTypeMao.swift in Sources */ = {isa = PBXBuildFile; fileRef = BDB58F4A20184DE0003FE358 /* SPTypeMao.swift */; };
		BDB58F4D2018585D003FE358 /* BudgetMao.swift in Sources */ = {isa = PBXBuildFile; fileRef = BDB58F4C2018585D003FE358 /* BudgetMao.swift */; };
		BDB58F4F20185DFB003FE358 /* BudgetMaoTest.swift in Sources */ = {isa = PBXBuildFile; fileRef = BDB58F4E20185DFB003FE358 /* BudgetMaoTest.swift */; };
		BDCFD2A1201A35C5007EC389 /* AccountModel.swift in Sources */ = {isa = PBXBuildFile; fileRef = BDCFD2A0201A35C5007EC389 /* AccountModel.swift */; };
		BDCFD2A4201ABF86007EC389 /* ACLogin.swift in Sources */ = {isa = PBXBuildFile; fileRef = BDCFD2A3201ABF86007EC389 /* ACLogin.swift */; };
		BDCFD2A7201AC43D007EC389 /* RegulaExpressUtil.swift in Sources */ = {isa = PBXBuildFile; fileRef = BDCFD2A6201AC43D007EC389 /* RegulaExpressUtil.swift */; };
		BDCFD2A9201AC8A5007EC389 /* ACJoin.swift in Sources */ = {isa = PBXBuildFile; fileRef = BDCFD2A8201AC8A5007EC389 /* ACJoin.swift */; };
		BDCFD2AB201AC905007EC389 /* ACForget.swift in Sources */ = {isa = PBXBuildFile; fileRef = BDCFD2AA201AC905007EC389 /* ACForget.swift */; };
		BDCFD2AE201AC989007EC389 /* SeverFW.swift in Sources */ = {isa = PBXBuildFile; fileRef = BDCFD2AD201AC989007EC389 /* SeverFW.swift */; };
		BDCFD2B1201ACA60007EC389 /* ACServer.swift in Sources */ = {isa = PBXBuildFile; fileRef = BDCFD2B0201ACA60007EC389 /* ACServer.swift */; };
		BDE2B2D8202AB67500A02987 /* SHA256.swift in Sources */ = {isa = PBXBuildFile; fileRef = BDE2B2D7202AB67500A02987 /* SHA256.swift */; };
		BDE2B2DA202AB9B700A02987 /* SHA256Test.swift in Sources */ = {isa = PBXBuildFile; fileRef = BDE2B2D9202AB9B700A02987 /* SHA256Test.swift */; };
		BDE2B2DD202ABD5B00A02987 /* AES256.swift in Sources */ = {isa = PBXBuildFile; fileRef = BDE2B2DC202ABD5B00A02987 /* AES256.swift */; };
		BDE2B2E0202D6F1600A02987 /* UIBasicButton.swift in Sources */ = {isa = PBXBuildFile; fileRef = BDE2B2DF202D6F1600A02987 /* UIBasicButton.swift */; };
		BDE2B2E5202D793000A02987 /* UIPasswdTextField.swift in Sources */ = {isa = PBXBuildFile; fileRef = BDE2B2E4202D793000A02987 /* UIPasswdTextField.swift */; };
		BDE2B2EA202D86C200A02987 /* IBillMainVC.swift in Sources */ = {isa = PBXBuildFile; fileRef = BDE2B2E9202D86C200A02987 /* IBillMainVC.swift */; };
		BDE2B2EC202D975000A02987 /* UIEmailTextField.swift in Sources */ = {isa = PBXBuildFile; fileRef = BDE2B2EB202D975000A02987 /* UIEmailTextField.swift */; };
		BDE6085B2022D60900B50BA0 /* IBillInitializer.swift in Sources */ = {isa = PBXBuildFile; fileRef = BDE6085A2022D60900B50BA0 /* IBillInitializer.swift */; };
		BDE953F42019E84D00D8817B /* SPMoneyMao.swift in Sources */ = {isa = PBXBuildFile; fileRef = BDE953F32019E84D00D8817B /* SPMoneyMao.swift */; };
/* End PBXBuildFile section */

/* Begin PBXContainerItemProxy section */
		BD0A6486201653E1005B19CF /* PBXContainerItemProxy */ = {
			isa = PBXContainerItemProxy;
			containerPortal = BD0A6466201653E0005B19CF /* Project object */;
			proxyType = 1;
			remoteGlobalIDString = BD0A646D201653E0005B19CF;
			remoteInfo = iBill;
		};
		BD0A6491201653E1005B19CF /* PBXContainerItemProxy */ = {
			isa = PBXContainerItemProxy;
			containerPortal = BD0A6466201653E0005B19CF /* Project object */;
			proxyType = 1;
			remoteGlobalIDString = BD0A646D201653E0005B19CF;
			remoteInfo = iBill;
		};
/* End PBXContainerItemProxy section */

/* Begin PBXFileReference section */
		2DC0C7627A0C09D55356C103 /* UIMiniMap.swift */ = {isa = PBXFileReference; fileEncoding = 4; lastKnownFileType = sourcecode.swift; path = UIMiniMap.swift; sourceTree = "<group>"; };
		2DC0C988AB9B8A97678EF2B3 /* DateUtils.swift */ = {isa = PBXFileReference; fileEncoding = 4; lastKnownFileType = sourcecode.swift; path = DateUtils.swift; sourceTree = "<group>"; };
		678405858B57E1C047631EC2 /* Pods-iBill.debug.xcconfig */ = {isa = PBXFileReference; includeInIndex = 1; lastKnownFileType = text.xcconfig; name = "Pods-iBill.debug.xcconfig"; path = "Pods/Target Support Files/Pods-iBill/Pods-iBill.debug.xcconfig"; sourceTree = "<group>"; };
		6C0641DAB146A0B088307CB6 /* Pods-iBill.release.xcconfig */ = {isa = PBXFileReference; includeInIndex = 1; lastKnownFileType = text.xcconfig; name = "Pods-iBill.release.xcconfig"; path = "Pods/Target Support Files/Pods-iBill/Pods-iBill.release.xcconfig"; sourceTree = "<group>"; };
		89268E954676FD783A0CE87F /* Pods_iBill.framework */ = {isa = PBXFileReference; explicitFileType = wrapper.framework; includeInIndex = 0; path = Pods_iBill.framework; sourceTree = BUILT_PRODUCTS_DIR; };
		BD0A646E201653E0005B19CF /* iBill.app */ = {isa = PBXFileReference; explicitFileType = wrapper.application; includeInIndex = 0; path = iBill.app; sourceTree = BUILT_PRODUCTS_DIR; };
		BD0A6471201653E0005B19CF /* AppDelegate.swift */ = {isa = PBXFileReference; lastKnownFileType = sourcecode.swift; path = AppDelegate.swift; sourceTree = "<group>"; };
		BD0A6473201653E0005B19CF /* ViewController.swift */ = {isa = PBXFileReference; lastKnownFileType = sourcecode.swift; path = ViewController.swift; sourceTree = "<group>"; };
		BD0A6479201653E1005B19CF /* iBill.xcdatamodel */ = {isa = PBXFileReference; lastKnownFileType = wrapper.xcdatamodel; path = iBill.xcdatamodel; sourceTree = "<group>"; };
		BD0A647B201653E1005B19CF /* Assets.xcassets */ = {isa = PBXFileReference; lastKnownFileType = folder.assetcatalog; path = Assets.xcassets; sourceTree = "<group>"; };
		BD0A647E201653E1005B19CF /* Base */ = {isa = PBXFileReference; lastKnownFileType = file.storyboard; name = Base; path = Base.lproj/LaunchScreen.storyboard; sourceTree = "<group>"; };
		BD0A6480201653E1005B19CF /* Info.plist */ = {isa = PBXFileReference; lastKnownFileType = text.plist.xml; path = Info.plist; sourceTree = "<group>"; };
		BD0A6485201653E1005B19CF /* iBillTests.xctest */ = {isa = PBXFileReference; explicitFileType = wrapper.cfbundle; includeInIndex = 0; path = iBillTests.xctest; sourceTree = BUILT_PRODUCTS_DIR; };
		BD0A6489201653E1005B19CF /* iBillTests.swift */ = {isa = PBXFileReference; lastKnownFileType = sourcecode.swift; path = iBillTests.swift; sourceTree = "<group>"; };
		BD0A648B201653E1005B19CF /* Info.plist */ = {isa = PBXFileReference; lastKnownFileType = text.plist.xml; path = Info.plist; sourceTree = "<group>"; };
		BD0A6490201653E1005B19CF /* iBillUITests.xctest */ = {isa = PBXFileReference; explicitFileType = wrapper.cfbundle; includeInIndex = 0; path = iBillUITests.xctest; sourceTree = BUILT_PRODUCTS_DIR; };
		BD0A6494201653E1005B19CF /* iBillUITests.swift */ = {isa = PBXFileReference; lastKnownFileType = sourcecode.swift; path = iBillUITests.swift; sourceTree = "<group>"; };
		BD0A6496201653E1005B19CF /* Info.plist */ = {isa = PBXFileReference; lastKnownFileType = text.plist.xml; path = Info.plist; sourceTree = "<group>"; };
		BD0A64A42016694D005B19CF /* Context.swift */ = {isa = PBXFileReference; lastKnownFileType = sourcecode.swift; path = Context.swift; sourceTree = "<group>"; };
		BD166D062030A00D00CFE5C0 /* PrivacyAsker.swift */ = {isa = PBXFileReference; lastKnownFileType = sourcecode.swift; path = PrivacyAsker.swift; sourceTree = "<group>"; };
		BD166D0820317AE800CFE5C0 /* UIModalView.swift */ = {isa = PBXFileReference; lastKnownFileType = sourcecode.swift; path = UIModalView.swift; sourceTree = "<group>"; };
		BD166D0A2031A68A00CFE5C0 /* UIViewAnimationHandler.swift */ = {isa = PBXFileReference; lastKnownFileType = sourcecode.swift; path = UIViewAnimationHandler.swift; sourceTree = "<group>"; };
		BD166D0D2031A89C00CFE5C0 /* UIViewMaker.swift */ = {isa = PBXFileReference; lastKnownFileType = sourcecode.swift; path = UIViewMaker.swift; sourceTree = "<group>"; };
		BD166D122032171E00CFE5C0 /* UIMiniMapInfo.swift */ = {isa = PBXFileReference; lastKnownFileType = sourcecode.swift; path = UIMiniMapInfo.swift; sourceTree = "<group>"; };
		BD166D152032211400CFE5C0 /* MapKit.framework */ = {isa = PBXFileReference; lastKnownFileType = wrapper.framework; name = MapKit.framework; path = System/Library/Frameworks/MapKit.framework; sourceTree = SDKROOT; };
		BD18843A2016FBEA000DA074 /* AccountMao.swift */ = {isa = PBXFileReference; lastKnownFileType = sourcecode.swift; path = AccountMao.swift; sourceTree = "<group>"; };
		BD18843C2016FC86000DA074 /* Mao.swift */ = {isa = PBXFileReference; lastKnownFileType = sourcecode.swift; path = Mao.swift; sourceTree = "<group>"; };
		BD204FCC201AD2E100965300 /* BAAction.swift */ = {isa = PBXFileReference; lastKnownFileType = sourcecode.swift; path = BAAction.swift; sourceTree = "<group>"; };
		BD204FCE201AD56E00965300 /* VWAction.swift */ = {isa = PBXFileReference; lastKnownFileType = sourcecode.swift; path = VWAction.swift; sourceTree = "<group>"; };
		BD204FD1201ADA1400965300 /* ACMoelimpl.swift */ = {isa = PBXFileReference; lastKnownFileType = sourcecode.swift; path = ACMoelimpl.swift; sourceTree = "<group>"; };
		BD204FD4201AE03E00965300 /* Account.storyboard */ = {isa = PBXFileReference; lastKnownFileType = file.storyboard; path = Account.storyboard; sourceTree = "<group>"; };
		BD204FD7201AE20200965300 /* LoginVC.swift */ = {isa = PBXFileReference; lastKnownFileType = sourcecode.swift; path = LoginVC.swift; sourceTree = "<group>"; };
		BD204FDA201AE58500965300 /* LoginViewModelImpl.swift */ = {isa = PBXFileReference; lastKnownFileType = sourcecode.swift; path = LoginViewModelImpl.swift; sourceTree = "<group>"; };
		BD204FDC201AE96400965300 /* PrtcLogivView.swift */ = {isa = PBXFileReference; lastKnownFileType = sourcecode.swift; path = PrtcLogivView.swift; sourceTree = "<group>"; };
		BD204FDE201B8ED500965300 /* ACServerImpl.swift */ = {isa = PBXFileReference; lastKnownFileType = sourcecode.swift; path = ACServerImpl.swift; sourceTree = "<group>"; };
		BD204FE0201D73E400965300 /* LoginViewModel.swift */ = {isa = PBXFileReference; lastKnownFileType = sourcecode.swift; path = LoginViewModel.swift; sourceTree = "<group>"; };
		BD204FE5201D970700965300 /* JoinView.swift */ = {isa = PBXFileReference; lastKnownFileType = sourcecode.swift; path = JoinView.swift; sourceTree = "<group>"; };
		BD204FE7201D9A2900965300 /* JoinVC.swift */ = {isa = PBXFileReference; lastKnownFileType = sourcecode.swift; path = JoinVC.swift; sourceTree = "<group>"; };
		BD204FE9201D9A9800965300 /* ForgetVC.swift */ = {isa = PBXFileReference; lastKnownFileType = sourcecode.swift; path = ForgetVC.swift; sourceTree = "<group>"; };
		BD204FEB201D9AA700965300 /* ForgetView.swift */ = {isa = PBXFileReference; lastKnownFileType = sourcecode.swift; path = ForgetView.swift; sourceTree = "<group>"; };
		BD204FED201D9AC100965300 /* ConfirmView.swift */ = {isa = PBXFileReference; lastKnownFileType = sourcecode.swift; path = ConfirmView.swift; sourceTree = "<group>"; };
		BD204FEF201D9ADB00965300 /* ConfirmVC.swift */ = {isa = PBXFileReference; lastKnownFileType = sourcecode.swift; path = ConfirmVC.swift; sourceTree = "<group>"; };
		BD21FD092017188700062847 /* AccountMaoTest.swift */ = {isa = PBXFileReference; lastKnownFileType = sourcecode.swift; path = AccountMaoTest.swift; sourceTree = "<group>"; };
		BD529A0920172DA400FB9193 /* Sampler.swift */ = {isa = PBXFileReference; lastKnownFileType = sourcecode.swift; path = Sampler.swift; sourceTree = "<group>"; };
		BD529A0B2017365300FB9193 /* IconsMao.swift */ = {isa = PBXFileReference; lastKnownFileType = sourcecode.swift; path = IconsMao.swift; sourceTree = "<group>"; };
		BD529A0E2017383600FB9193 /* TextReader.swift */ = {isa = PBXFileReference; lastKnownFileType = sourcecode.swift; path = TextReader.swift; sourceTree = "<group>"; };
		BD529A142017414500FB9193 /* TextReaderTest.swift */ = {isa = PBXFileReference; lastKnownFileType = sourcecode.swift; path = TextReaderTest.swift; sourceTree = "<group>"; };
		BD529A162017953C00FB9193 /* iconList.txt */ = {isa = PBXFileReference; lastKnownFileType = text; path = iconList.txt; sourceTree = "<group>"; };
		BD529A18201797EF00FB9193 /* IconsMaoTest.swift */ = {isa = PBXFileReference; lastKnownFileType = sourcecode.swift; path = IconsMaoTest.swift; sourceTree = "<group>"; };
		BD69D6B7201F6D97004B1099 /* UIPauseView.swift */ = {isa = PBXFileReference; lastKnownFileType = sourcecode.swift; path = UIPauseView.swift; sourceTree = "<group>"; };
		BD8EA5BA201A170E001F6BB1 /* SPMoneyMaoTest.swift */ = {isa = PBXFileReference; lastKnownFileType = sourcecode.swift; path = SPMoneyMaoTest.swift; sourceTree = "<group>"; };
		BDA5CE80202F3045001BB606 /* UICharacterView.swift */ = {isa = PBXFileReference; lastKnownFileType = sourcecode.swift; path = UICharacterView.swift; sourceTree = "<group>"; };
		BDA5CE82202F3538001BB606 /* PrtcUICharacterView.swift */ = {isa = PBXFileReference; lastKnownFileType = sourcecode.swift; path = PrtcUICharacterView.swift; sourceTree = "<group>"; };
		BDA5CE84202F3794001BB606 /* UIGaugeBar.swift */ = {isa = PBXFileReference; lastKnownFileType = sourcecode.swift; path = UIGaugeBar.swift; sourceTree = "<group>"; };
		BDA5CE8A202FF8E5001BB606 /* UIAllocator.swift */ = {isa = PBXFileReference; lastKnownFileType = sourcecode.swift; path = UIAllocator.swift; sourceTree = "<group>"; };
		BDB58F4A20184DE0003FE358 /* SPTypeMao.swift */ = {isa = PBXFileReference; lastKnownFileType = sourcecode.swift; path = SPTypeMao.swift; sourceTree = "<group>"; };
		BDB58F4C2018585D003FE358 /* BudgetMao.swift */ = {isa = PBXFileReference; lastKnownFileType = sourcecode.swift; path = BudgetMao.swift; sourceTree = "<group>"; };
		BDB58F4E20185DFB003FE358 /* BudgetMaoTest.swift */ = {isa = PBXFileReference; lastKnownFileType = sourcecode.swift; path = BudgetMaoTest.swift; sourceTree = "<group>"; };
		BDCFD2A0201A35C5007EC389 /* AccountModel.swift */ = {isa = PBXFileReference; lastKnownFileType = sourcecode.swift; path = AccountModel.swift; sourceTree = "<group>"; };
		BDCFD2A3201ABF86007EC389 /* ACLogin.swift */ = {isa = PBXFileReference; lastKnownFileType = sourcecode.swift; path = ACLogin.swift; sourceTree = "<group>"; };
		BDCFD2A6201AC43D007EC389 /* RegulaExpressUtil.swift */ = {isa = PBXFileReference; lastKnownFileType = sourcecode.swift; path = RegulaExpressUtil.swift; sourceTree = "<group>"; };
		BDCFD2A8201AC8A5007EC389 /* ACJoin.swift */ = {isa = PBXFileReference; lastKnownFileType = sourcecode.swift; path = ACJoin.swift; sourceTree = "<group>"; };
		BDCFD2AA201AC905007EC389 /* ACForget.swift */ = {isa = PBXFileReference; lastKnownFileType = sourcecode.swift; path = ACForget.swift; sourceTree = "<group>"; };
		BDCFD2AD201AC989007EC389 /* SeverFW.swift */ = {isa = PBXFileReference; lastKnownFileType = sourcecode.swift; path = SeverFW.swift; sourceTree = "<group>"; };
		BDCFD2B0201ACA60007EC389 /* ACServer.swift */ = {isa = PBXFileReference; lastKnownFileType = sourcecode.swift; path = ACServer.swift; sourceTree = "<group>"; };
		BDE2B2D7202AB67500A02987 /* SHA256.swift */ = {isa = PBXFileReference; lastKnownFileType = sourcecode.swift; path = SHA256.swift; sourceTree = "<group>"; };
		BDE2B2D9202AB9B700A02987 /* SHA256Test.swift */ = {isa = PBXFileReference; lastKnownFileType = sourcecode.swift; path = SHA256Test.swift; sourceTree = "<group>"; };
		BDE2B2DC202ABD5B00A02987 /* AES256.swift */ = {isa = PBXFileReference; lastKnownFileType = sourcecode.swift; path = AES256.swift; sourceTree = "<group>"; };
		BDE2B2DF202D6F1600A02987 /* UIBasicButton.swift */ = {isa = PBXFileReference; lastKnownFileType = sourcecode.swift; path = UIBasicButton.swift; sourceTree = "<group>"; };
		BDE2B2E4202D793000A02987 /* UIPasswdTextField.swift */ = {isa = PBXFileReference; lastKnownFileType = sourcecode.swift; path = UIPasswdTextField.swift; sourceTree = "<group>"; };
		BDE2B2E9202D86C200A02987 /* IBillMainVC.swift */ = {isa = PBXFileReference; lastKnownFileType = sourcecode.swift; path = IBillMainVC.swift; sourceTree = "<group>"; };
		BDE2B2EB202D975000A02987 /* UIEmailTextField.swift */ = {isa = PBXFileReference; lastKnownFileType = sourcecode.swift; path = UIEmailTextField.swift; sourceTree = "<group>"; };
		BDE6085A2022D60900B50BA0 /* IBillInitializer.swift */ = {isa = PBXFileReference; lastKnownFileType = sourcecode.swift; path = IBillInitializer.swift; sourceTree = "<group>"; };
		BDE953F32019E84D00D8817B /* SPMoneyMao.swift */ = {isa = PBXFileReference; lastKnownFileType = sourcecode.swift; path = SPMoneyMao.swift; sourceTree = "<group>"; };
/* End PBXFileReference section */

/* Begin PBXFrameworksBuildPhase section */
		BD0A646B201653E0005B19CF /* Frameworks */ = {
			isa = PBXFrameworksBuildPhase;
			buildActionMask = 2147483647;
			files = (
				BD166D162032211400CFE5C0 /* MapKit.framework in Frameworks */,
				7CBAB096A5461810D6A4A121 /* Pods_iBill.framework in Frameworks */,
			);
			runOnlyForDeploymentPostprocessing = 0;
		};
		BD0A6482201653E1005B19CF /* Frameworks */ = {
			isa = PBXFrameworksBuildPhase;
			buildActionMask = 2147483647;
			files = (
			);
			runOnlyForDeploymentPostprocessing = 0;
		};
		BD0A648D201653E1005B19CF /* Frameworks */ = {
			isa = PBXFrameworksBuildPhase;
			buildActionMask = 2147483647;
			files = (
			);
			runOnlyForDeploymentPostprocessing = 0;
		};
/* End PBXFrameworksBuildPhase section */

/* Begin PBXGroup section */
		2DC0CD8DDDD19FD260256D51 /* UIMiniMap */ = {
			isa = PBXGroup;
			children = (
				2DC0C7627A0C09D55356C103 /* UIMiniMap.swift */,
				BD166D122032171E00CFE5C0 /* UIMiniMapInfo.swift */,
			);
			path = UIMiniMap;
			sourceTree = "<group>";
		};
		64F060EE95DD7DE796B3D80D /* Pods */ = {
			isa = PBXGroup;
			children = (
				678405858B57E1C047631EC2 /* Pods-iBill.debug.xcconfig */,
				6C0641DAB146A0B088307CB6 /* Pods-iBill.release.xcconfig */,
			);
			name = Pods;
			sourceTree = "<group>";
		};
		72DDCBFC20B4DD0471A0146A /* Frameworks */ = {
			isa = PBXGroup;
			children = (
				BD166D152032211400CFE5C0 /* MapKit.framework */,
				89268E954676FD783A0CE87F /* Pods_iBill.framework */,
			);
			name = Frameworks;
			sourceTree = "<group>";
		};
		BD0A6465201653E0005B19CF = {
			isa = PBXGroup;
			children = (
				BD0A6470201653E0005B19CF /* iBill */,
				BD0A6488201653E1005B19CF /* iBillTests */,
				BD0A6493201653E1005B19CF /* iBillUITests */,
				BD0A646F201653E0005B19CF /* Products */,
				64F060EE95DD7DE796B3D80D /* Pods */,
				72DDCBFC20B4DD0471A0146A /* Frameworks */,
			);
			sourceTree = "<group>";
		};
		BD0A646F201653E0005B19CF /* Products */ = {
			isa = PBXGroup;
			children = (
				BD0A646E201653E0005B19CF /* iBill.app */,
				BD0A6485201653E1005B19CF /* iBillTests.xctest */,
				BD0A6490201653E1005B19CF /* iBillUITests.xctest */,
			);
			name = Products;
			sourceTree = "<group>";
		};
		BD0A6470201653E0005B19CF /* iBill */ = {
			isa = PBXGroup;
			children = (
				BD0A64A220165682005B19CF /* View */,
				BD529A1020173BB500FB9193 /* Imgs */,
				BD0A64A32016693D005B19CF /* Modules */,
				BD0A6471201653E0005B19CF /* AppDelegate.swift */,
				BD0A6473201653E0005B19CF /* ViewController.swift */,
				BD0A647B201653E1005B19CF /* Assets.xcassets */,
				BD0A647D201653E1005B19CF /* LaunchScreen.storyboard */,
				BD0A6480201653E1005B19CF /* Info.plist */,
				BD0A6478201653E1005B19CF /* iBill.xcdatamodeld */,
			);
			path = iBill;
			sourceTree = "<group>";
		};
		BD0A6488201653E1005B19CF /* iBillTests */ = {
			isa = PBXGroup;
			children = (
				BDE2B2DB202ABAC200A02987 /* Sampler */,
				BD529A132017413600FB9193 /* Util */,
				BD21FD082017186000062847 /* MaoTest */,
				BD0A6489201653E1005B19CF /* iBillTests.swift */,
				BD0A648B201653E1005B19CF /* Info.plist */,
			);
			path = iBillTests;
			sourceTree = "<group>";
		};
		BD0A6493201653E1005B19CF /* iBillUITests */ = {
			isa = PBXGroup;
			children = (
				BD0A6494201653E1005B19CF /* iBillUITests.swift */,
				BD0A6496201653E1005B19CF /* Info.plist */,
			);
			path = iBillUITests;
			sourceTree = "<group>";
		};
		BD0A64A220165682005B19CF /* View */ = {
			isa = PBXGroup;
			children = (
				BD166D0C2031A85800CFE5C0 /* UISamples */,
				BDE2B2D3202AB33600A02987 /* UIGeneral */,
				BD69D6B6201F6D65004B1099 /* UIProtocolExtension */,
				BD204FD6201AE1E100965300 /* Account */,
				BDE608592022D23900B50BA0 /* IBill */,
			);
			path = View;
			sourceTree = "<group>";
		};
		BD0A64A32016693D005B19CF /* Modules */ = {
			isa = PBXGroup;
			children = (
				BD529A0D2017382200FB9193 /* Utils */,
				BD1884392016FBB8000DA074 /* Mao */,
				BDCFD29F201A34FD007EC389 /* Model */,
				BD0A64A42016694D005B19CF /* Context.swift */,
			);
			path = Modules;
			sourceTree = "<group>";
		};
		BD166D0520309FED00CFE5C0 /* PrivacyAsker */ = {
			isa = PBXGroup;
			children = (
				BD166D062030A00D00CFE5C0 /* PrivacyAsker.swift */,
			);
			path = PrivacyAsker;
			sourceTree = "<group>";
		};
		BD166D0C2031A85800CFE5C0 /* UISamples */ = {
			isa = PBXGroup;
			children = (
				BD166D0A2031A68A00CFE5C0 /* UIViewAnimationHandler.swift */,
				BD166D0D2031A89C00CFE5C0 /* UIViewMaker.swift */,
			);
			path = UISamples;
			sourceTree = "<group>";
		};
		BD166D112031FBFD00CFE5C0 /* UIModalView */ = {
			isa = PBXGroup;
			children = (
				BD166D0820317AE800CFE5C0 /* UIModalView.swift */,
			);
			path = UIModalView;
			sourceTree = "<group>";
		};
		BD166D1420321BD200CFE5C0 /* UIPauseView */ = {
			isa = PBXGroup;
			children = (
				BD69D6B7201F6D97004B1099 /* UIPauseView.swift */,
			);
			path = UIPauseView;
			sourceTree = "<group>";
		};
		BD1884392016FBB8000DA074 /* Mao */ = {
			isa = PBXGroup;
			children = (
				BD18843C2016FC86000DA074 /* Mao.swift */,
				BD18843A2016FBEA000DA074 /* AccountMao.swift */,
				BD529A0B2017365300FB9193 /* IconsMao.swift */,
				BDB58F4A20184DE0003FE358 /* SPTypeMao.swift */,
				BDB58F4C2018585D003FE358 /* BudgetMao.swift */,
				BDE953F32019E84D00D8817B /* SPMoneyMao.swift */,
			);
			path = Mao;
			sourceTree = "<group>";
		};
		BD204FCB201AD2C700965300 /* ServerFW */ = {
			isa = PBXGroup;
			children = (
				BDCFD2AD201AC989007EC389 /* SeverFW.swift */,
				BD204FCC201AD2E100965300 /* BAAction.swift */,
				BD204FCE201AD56E00965300 /* VWAction.swift */,
			);
			path = ServerFW;
			sourceTree = "<group>";
		};
		BD204FD0201AD64200965300 /* RegulaExpress */ = {
			isa = PBXGroup;
			children = (
				BDCFD2A6201AC43D007EC389 /* RegulaExpressUtil.swift */,
			);
			path = RegulaExpress;
			sourceTree = "<group>";
		};
		BD204FD6201AE1E100965300 /* Account */ = {
			isa = PBXGroup;
			children = (
				BDA5CE7E202F2FEB001BB606 /* ConfirmView */,
				BD204FE2201D7DB800965300 /* LoginView */,
				BD69D6B5201F6D21004B1099 /* JoinView */,
				BD204FD4201AE03E00965300 /* Account.storyboard */,
				BD204FEB201D9AA700965300 /* ForgetView.swift */,
				BD204FE9201D9A9800965300 /* ForgetVC.swift */,
			);
			path = Account;
			sourceTree = "<group>";
		};
		BD204FE2201D7DB800965300 /* LoginView */ = {
			isa = PBXGroup;
			children = (
				BD204FE4201D8E9500965300 /* ViewModel */,
				BD204FE3201D8E8900965300 /* View */,
			);
			path = LoginView;
			sourceTree = "<group>";
		};
		BD204FE3201D8E8900965300 /* View */ = {
			isa = PBXGroup;
			children = (
				BD204FDC201AE96400965300 /* PrtcLogivView.swift */,
				BD204FD7201AE20200965300 /* LoginVC.swift */,
			);
			path = View;
			sourceTree = "<group>";
		};
		BD204FE4201D8E9500965300 /* ViewModel */ = {
			isa = PBXGroup;
			children = (
				BD204FE0201D73E400965300 /* LoginViewModel.swift */,
				BD204FDA201AE58500965300 /* LoginViewModelImpl.swift */,
			);
			path = ViewModel;
			sourceTree = "<group>";
		};
		BD21FD082017186000062847 /* MaoTest */ = {
			isa = PBXGroup;
			children = (
				BD21FD092017188700062847 /* AccountMaoTest.swift */,
				BD529A18201797EF00FB9193 /* IconsMaoTest.swift */,
				BDB58F4E20185DFB003FE358 /* BudgetMaoTest.swift */,
				BD8EA5BA201A170E001F6BB1 /* SPMoneyMaoTest.swift */,
			);
			path = MaoTest;
			sourceTree = "<group>";
		};
		BD529A0D2017382200FB9193 /* Utils */ = {
			isa = PBXGroup;
			children = (
				BD166D0520309FED00CFE5C0 /* PrivacyAsker */,
				BDA5CE89202FF8CF001BB606 /* UIAllocator */,
				BDE2B2D6202AB65F00A02987 /* Cryptor */,
				BD204FD0201AD64200965300 /* RegulaExpress */,
				BD529A0E2017383600FB9193 /* TextReader.swift */,
				2DC0C988AB9B8A97678EF2B3 /* DateUtils.swift */,
			);
			path = Utils;
			sourceTree = "<group>";
		};
		BD529A1020173BB500FB9193 /* Imgs */ = {
			isa = PBXGroup;
			children = (
				BD529A162017953C00FB9193 /* iconList.txt */,
			);
			path = Imgs;
			sourceTree = "<group>";
		};
		BD529A132017413600FB9193 /* Util */ = {
			isa = PBXGroup;
			children = (
				BD529A142017414500FB9193 /* TextReaderTest.swift */,
				BDE2B2D9202AB9B700A02987 /* SHA256Test.swift */,
			);
			path = Util;
			sourceTree = "<group>";
		};
		BD69D6B5201F6D21004B1099 /* JoinView */ = {
			isa = PBXGroup;
			children = (
				BD204FE5201D970700965300 /* JoinView.swift */,
				BD204FE7201D9A2900965300 /* JoinVC.swift */,
			);
			path = JoinView;
			sourceTree = "<group>";
		};
		BD69D6B6201F6D65004B1099 /* UIProtocolExtension */ = {
			isa = PBXGroup;
			children = (
				BD166D1420321BD200CFE5C0 /* UIPauseView */,
				BD166D112031FBFD00CFE5C0 /* UIModalView */,
			);
			path = UIProtocolExtension;
			sourceTree = "<group>";
		};
		BDA5CE7E202F2FEB001BB606 /* ConfirmView */ = {
			isa = PBXGroup;
			children = (
				BD204FED201D9AC100965300 /* ConfirmView.swift */,
				BD204FEF201D9ADB00965300 /* ConfirmVC.swift */,
			);
			path = ConfirmView;
			sourceTree = "<group>";
		};
		BDA5CE7F202F302E001BB606 /* UICharacterView */ = {
			isa = PBXGroup;
			children = (
				BDA5CE80202F3045001BB606 /* UICharacterView.swift */,
				BDA5CE82202F3538001BB606 /* PrtcUICharacterView.swift */,
			);
			path = UICharacterView;
			sourceTree = "<group>";
		};
		BDA5CE88202F394E001BB606 /* UIGagueBar */ = {
			isa = PBXGroup;
			children = (
				BDA5CE84202F3794001BB606 /* UIGaugeBar.swift */,
			);
			path = UIGagueBar;
			sourceTree = "<group>";
		};
		BDA5CE89202FF8CF001BB606 /* UIAllocator */ = {
			isa = PBXGroup;
			children = (
				BDA5CE8A202FF8E5001BB606 /* UIAllocator.swift */,
			);
			path = UIAllocator;
			sourceTree = "<group>";
		};
		BDCFD29F201A34FD007EC389 /* Model */ = {
			isa = PBXGroup;
			children = (
				BD204FCB201AD2C700965300 /* ServerFW */,
				BDCFD2A5201ABFC0007EC389 /* Initializer */,
				BDCFD2A2201ABF6B007EC389 /* Account */,
			);
			path = Model;
			sourceTree = "<group>";
		};
		BDCFD2A2201ABF6B007EC389 /* Account */ = {
			isa = PBXGroup;
			children = (
				BDCFD2AF201ACA3C007EC389 /* ACServer */,
				BDCFD2AC201AC967007EC389 /* Enum */,
				BDCFD2A0201A35C5007EC389 /* AccountModel.swift */,
				BD204FD1201ADA1400965300 /* ACMoelimpl.swift */,
			);
			path = Account;
			sourceTree = "<group>";
		};
		BDCFD2A5201ABFC0007EC389 /* Initializer */ = {
			isa = PBXGroup;
			children = (
				BDE6085A2022D60900B50BA0 /* IBillInitializer.swift */,
			);
			path = Initializer;
			sourceTree = "<group>";
		};
		BDCFD2AC201AC967007EC389 /* Enum */ = {
			isa = PBXGroup;
			children = (
				BDCFD2A3201ABF86007EC389 /* ACLogin.swift */,
				BDCFD2A8201AC8A5007EC389 /* ACJoin.swift */,
				BDCFD2AA201AC905007EC389 /* ACForget.swift */,
			);
			path = Enum;
			sourceTree = "<group>";
		};
		BDCFD2AF201ACA3C007EC389 /* ACServer */ = {
			isa = PBXGroup;
			children = (
				BDCFD2B0201ACA60007EC389 /* ACServer.swift */,
				BD204FDE201B8ED500965300 /* ACServerImpl.swift */,
			);
			path = ACServer;
			sourceTree = "<group>";
		};
		BDE2B2D3202AB33600A02987 /* UIGeneral */ = {
			isa = PBXGroup;
			children = (
				BDA5CE7F202F302E001BB606 /* UICharacterView */,
				BDA5CE88202F394E001BB606 /* UIGagueBar */,
				2DC0CD8DDDD19FD260256D51 /* UIMiniMap */,
				BDE2B2E1202D70DC00A02987 /* BasicUIs */,
			);
			path = UIGeneral;
			sourceTree = "<group>";
		};
		BDE2B2D6202AB65F00A02987 /* Cryptor */ = {
			isa = PBXGroup;
			children = (
				BDE2B2D7202AB67500A02987 /* SHA256.swift */,
				BDE2B2DC202ABD5B00A02987 /* AES256.swift */,
			);
			path = Cryptor;
			sourceTree = "<group>";
		};
		BDE2B2DB202ABAC200A02987 /* Sampler */ = {
			isa = PBXGroup;
			children = (
				BD529A0920172DA400FB9193 /* Sampler.swift */,
			);
			path = Sampler;
			sourceTree = "<group>";
		};
		BDE2B2E1202D70DC00A02987 /* BasicUIs */ = {
			isa = PBXGroup;
			children = (
				BDE2B2DF202D6F1600A02987 /* UIBasicButton.swift */,
				BDE2B2E4202D793000A02987 /* UIPasswdTextField.swift */,
				BDE2B2EB202D975000A02987 /* UIEmailTextField.swift */,
			);
			path = BasicUIs;
			sourceTree = "<group>";
		};
		BDE608592022D23900B50BA0 /* IBill */ = {
			isa = PBXGroup;
			children = (
				BDE2B2E9202D86C200A02987 /* IBillMainVC.swift */,
			);
			path = IBill;
			sourceTree = "<group>";
		};
/* End PBXGroup section */

/* Begin PBXNativeTarget section */
		BD0A646D201653E0005B19CF /* iBill */ = {
			isa = PBXNativeTarget;
			buildConfigurationList = BD0A6499201653E1005B19CF /* Build configuration list for PBXNativeTarget "iBill" */;
			buildPhases = (
				952DD51D649115281B7E9EAF /* [CP] Check Pods Manifest.lock */,
				BD0A646A201653E0005B19CF /* Sources */,
				BD0A646B201653E0005B19CF /* Frameworks */,
				BD0A646C201653E0005B19CF /* Resources */,
				7241E998A085544FBD69E33F /* [CP] Embed Pods Frameworks */,
				BFE208D95CBAE8AD1DAE7C26 /* [CP] Copy Pods Resources */,
			);
			buildRules = (
			);
			dependencies = (
			);
			name = iBill;
			productName = iBill;
			productReference = BD0A646E201653E0005B19CF /* iBill.app */;
			productType = "com.apple.product-type.application";
		};
		BD0A6484201653E1005B19CF /* iBillTests */ = {
			isa = PBXNativeTarget;
			buildConfigurationList = BD0A649C201653E1005B19CF /* Build configuration list for PBXNativeTarget "iBillTests" */;
			buildPhases = (
				BD0A6481201653E1005B19CF /* Sources */,
				BD0A6482201653E1005B19CF /* Frameworks */,
				BD0A6483201653E1005B19CF /* Resources */,
			);
			buildRules = (
			);
			dependencies = (
				BD0A6487201653E1005B19CF /* PBXTargetDependency */,
			);
			name = iBillTests;
			productName = iBillTests;
			productReference = BD0A6485201653E1005B19CF /* iBillTests.xctest */;
			productType = "com.apple.product-type.bundle.unit-test";
		};
		BD0A648F201653E1005B19CF /* iBillUITests */ = {
			isa = PBXNativeTarget;
			buildConfigurationList = BD0A649F201653E1005B19CF /* Build configuration list for PBXNativeTarget "iBillUITests" */;
			buildPhases = (
				BD0A648C201653E1005B19CF /* Sources */,
				BD0A648D201653E1005B19CF /* Frameworks */,
				BD0A648E201653E1005B19CF /* Resources */,
			);
			buildRules = (
			);
			dependencies = (
				BD0A6492201653E1005B19CF /* PBXTargetDependency */,
			);
			name = iBillUITests;
			productName = iBillUITests;
			productReference = BD0A6490201653E1005B19CF /* iBillUITests.xctest */;
			productType = "com.apple.product-type.bundle.ui-testing";
		};
/* End PBXNativeTarget section */

/* Begin PBXProject section */
		BD0A6466201653E0005B19CF /* Project object */ = {
			isa = PBXProject;
			attributes = {
				LastSwiftUpdateCheck = 0920;
				LastUpgradeCheck = 0920;
				ORGANIZATIONNAME = CiaoLee;
				TargetAttributes = {
					BD0A646D201653E0005B19CF = {
						CreatedOnToolsVersion = 9.2;
						ProvisioningStyle = Automatic;
						SystemCapabilities = {
							com.apple.Maps.iOS = {
								enabled = 0;
							};
						};
					};
					BD0A6484201653E1005B19CF = {
						CreatedOnToolsVersion = 9.2;
						ProvisioningStyle = Automatic;
						TestTargetID = BD0A646D201653E0005B19CF;
					};
					BD0A648F201653E1005B19CF = {
						CreatedOnToolsVersion = 9.2;
						ProvisioningStyle = Automatic;
						TestTargetID = BD0A646D201653E0005B19CF;
					};
				};
			};
			buildConfigurationList = BD0A6469201653E0005B19CF /* Build configuration list for PBXProject "iBill" */;
			compatibilityVersion = "Xcode 8.0";
			developmentRegion = en;
			hasScannedForEncodings = 0;
			knownRegions = (
				en,
				Base,
			);
			mainGroup = BD0A6465201653E0005B19CF;
			productRefGroup = BD0A646F201653E0005B19CF /* Products */;
			projectDirPath = "";
			projectRoot = "";
			targets = (
				BD0A646D201653E0005B19CF /* iBill */,
				BD0A6484201653E1005B19CF /* iBillTests */,
				BD0A648F201653E1005B19CF /* iBillUITests */,
			);
		};
/* End PBXProject section */

/* Begin PBXResourcesBuildPhase section */
		BD0A646C201653E0005B19CF /* Resources */ = {
			isa = PBXResourcesBuildPhase;
			buildActionMask = 2147483647;
			files = (
				BD0A647F201653E1005B19CF /* LaunchScreen.storyboard in Resources */,
				BD529A172017953C00FB9193 /* iconList.txt in Resources */,
				BD204FD5201AE03E00965300 /* Account.storyboard in Resources */,
				BD0A647C201653E1005B19CF /* Assets.xcassets in Resources */,
			);
			runOnlyForDeploymentPostprocessing = 0;
		};
		BD0A6483201653E1005B19CF /* Resources */ = {
			isa = PBXResourcesBuildPhase;
			buildActionMask = 2147483647;
			files = (
			);
			runOnlyForDeploymentPostprocessing = 0;
		};
		BD0A648E201653E1005B19CF /* Resources */ = {
			isa = PBXResourcesBuildPhase;
			buildActionMask = 2147483647;
			files = (
			);
			runOnlyForDeploymentPostprocessing = 0;
		};
/* End PBXResourcesBuildPhase section */

/* Begin PBXShellScriptBuildPhase section */
		7241E998A085544FBD69E33F /* [CP] Embed Pods Frameworks */ = {
			isa = PBXShellScriptBuildPhase;
			buildActionMask = 2147483647;
			files = (
			);
			inputPaths = (
				"${SRCROOT}/Pods/Target Support Files/Pods-iBill/Pods-iBill-frameworks.sh",
				"${BUILT_PRODUCTS_DIR}/Alamofire/Alamofire.framework",
				"${BUILT_PRODUCTS_DIR}/Alamofire-Synchronous/Alamofire_Synchronous.framework",
				"${BUILT_PRODUCTS_DIR}/Cartography/Cartography.framework",
				"${BUILT_PRODUCTS_DIR}/CryptoSwift/CryptoSwift.framework",
				"${BUILT_PRODUCTS_DIR}/SwiftyJSON/SwiftyJSON.framework",
			);
			name = "[CP] Embed Pods Frameworks";
			outputPaths = (
				"${TARGET_BUILD_DIR}/${FRAMEWORKS_FOLDER_PATH}/Alamofire.framework",
				"${TARGET_BUILD_DIR}/${FRAMEWORKS_FOLDER_PATH}/Alamofire_Synchronous.framework",
				"${TARGET_BUILD_DIR}/${FRAMEWORKS_FOLDER_PATH}/Cartography.framework",
				"${TARGET_BUILD_DIR}/${FRAMEWORKS_FOLDER_PATH}/CryptoSwift.framework",
				"${TARGET_BUILD_DIR}/${FRAMEWORKS_FOLDER_PATH}/SwiftyJSON.framework",
			);
			runOnlyForDeploymentPostprocessing = 0;
			shellPath = /bin/sh;
			shellScript = "\"${SRCROOT}/Pods/Target Support Files/Pods-iBill/Pods-iBill-frameworks.sh\"\n";
			showEnvVarsInLog = 0;
		};
		952DD51D649115281B7E9EAF /* [CP] Check Pods Manifest.lock */ = {
			isa = PBXShellScriptBuildPhase;
			buildActionMask = 2147483647;
			files = (
			);
			inputPaths = (
				"${PODS_PODFILE_DIR_PATH}/Podfile.lock",
				"${PODS_ROOT}/Manifest.lock",
			);
			name = "[CP] Check Pods Manifest.lock";
			outputPaths = (
				"$(DERIVED_FILE_DIR)/Pods-iBill-checkManifestLockResult.txt",
			);
			runOnlyForDeploymentPostprocessing = 0;
			shellPath = /bin/sh;
			shellScript = "diff \"${PODS_PODFILE_DIR_PATH}/Podfile.lock\" \"${PODS_ROOT}/Manifest.lock\" > /dev/null\nif [ $? != 0 ] ; then\n    # print error to STDERR\n    echo \"error: The sandbox is not in sync with the Podfile.lock. Run 'pod install' or update your CocoaPods installation.\" >&2\n    exit 1\nfi\n# This output is used by Xcode 'outputs' to avoid re-running this script phase.\necho \"SUCCESS\" > \"${SCRIPT_OUTPUT_FILE_0}\"\n";
			showEnvVarsInLog = 0;
		};
		BFE208D95CBAE8AD1DAE7C26 /* [CP] Copy Pods Resources */ = {
			isa = PBXShellScriptBuildPhase;
			buildActionMask = 2147483647;
			files = (
			);
			inputPaths = (
			);
			name = "[CP] Copy Pods Resources";
			outputPaths = (
			);
			runOnlyForDeploymentPostprocessing = 0;
			shellPath = /bin/sh;
			shellScript = "\"${SRCROOT}/Pods/Target Support Files/Pods-iBill/Pods-iBill-resources.sh\"\n";
			showEnvVarsInLog = 0;
		};
/* End PBXShellScriptBuildPhase section */

/* Begin PBXSourcesBuildPhase section */
		BD0A646A201653E0005B19CF /* Sources */ = {
			isa = PBXSourcesBuildPhase;
			buildActionMask = 2147483647;
			files = (
				BD18843B2016FBEA000DA074 /* AccountMao.swift in Sources */,
				BD166D0E2031A89C00CFE5C0 /* UIViewMaker.swift in Sources */,
				BD18843D2016FC86000DA074 /* Mao.swift in Sources */,
				BDE2B2E0202D6F1600A02987 /* UIBasicButton.swift in Sources */,
				BDCFD2A9201AC8A5007EC389 /* ACJoin.swift in Sources */,
				BDB58F4B20184DE0003FE358 /* SPTypeMao.swift in Sources */,
				BDA5CE85202F3794001BB606 /* UIGaugeBar.swift in Sources */,
				BD529A0C2017365300FB9193 /* IconsMao.swift in Sources */,
				BD529A0F2017383600FB9193 /* TextReader.swift in Sources */,
				BD0A647A201653E1005B19CF /* iBill.xcdatamodeld in Sources */,
				BD204FCD201AD2E100965300 /* BAAction.swift in Sources */,
				BD69D6B8201F6D97004B1099 /* UIPauseView.swift in Sources */,
				BD204FEE201D9AC100965300 /* ConfirmView.swift in Sources */,
				BDA5CE8B202FF8E5001BB606 /* UIAllocator.swift in Sources */,
				BD204FDB201AE58500965300 /* LoginViewModelImpl.swift in Sources */,
				BD204FD8201AE20200965300 /* LoginVC.swift in Sources */,
				BDCFD2A4201ABF86007EC389 /* ACLogin.swift in Sources */,
				BDB58F4D2018585D003FE358 /* BudgetMao.swift in Sources */,
				BDE953F42019E84D00D8817B /* SPMoneyMao.swift in Sources */,
				BDE2B2EC202D975000A02987 /* UIEmailTextField.swift in Sources */,
				BD204FEC201D9AA700965300 /* ForgetView.swift in Sources */,
				BDE2B2EA202D86C200A02987 /* IBillMainVC.swift in Sources */,
				BD8EA5BC201A1AED001F6BB1 /* Sampler.swift in Sources */,
				BD204FE8201D9A2900965300 /* JoinVC.swift in Sources */,
				BD204FCF201AD56E00965300 /* VWAction.swift in Sources */,
				BDCFD2A7201AC43D007EC389 /* RegulaExpressUtil.swift in Sources */,
				BD166D132032171E00CFE5C0 /* UIMiniMapInfo.swift in Sources */,
				BD204FF0201D9ADB00965300 /* ConfirmVC.swift in Sources */,
				BD204FD2201ADA1400965300 /* ACMoelimpl.swift in Sources */,
				BDCFD2AE201AC989007EC389 /* SeverFW.swift in Sources */,
				BD204FDF201B8ED500965300 /* ACServerImpl.swift in Sources */,
				BD0A64A52016694D005B19CF /* Context.swift in Sources */,
				BD204FE6201D970700965300 /* JoinView.swift in Sources */,
				BD166D0920317AE800CFE5C0 /* UIModalView.swift in Sources */,
				BD0A6474201653E0005B19CF /* ViewController.swift in Sources */,
				BD166D0B2031A68A00CFE5C0 /* UIViewAnimationHandler.swift in Sources */,
				BD204FDD201AE96400965300 /* PrtcLogivView.swift in Sources */,
				BD204FE1201D73E400965300 /* LoginViewModel.swift in Sources */,
				BDA5CE81202F3045001BB606 /* UICharacterView.swift in Sources */,
				BDE2B2D8202AB67500A02987 /* SHA256.swift in Sources */,
				BDCFD2A1201A35C5007EC389 /* AccountModel.swift in Sources */,
				BD0A6472201653E0005B19CF /* AppDelegate.swift in Sources */,
				BDE2B2DD202ABD5B00A02987 /* AES256.swift in Sources */,
				BDCFD2B1201ACA60007EC389 /* ACServer.swift in Sources */,
				BDCFD2AB201AC905007EC389 /* ACForget.swift in Sources */,
				BDA5CE83202F3538001BB606 /* PrtcUICharacterView.swift in Sources */,
				BDE6085B2022D60900B50BA0 /* IBillInitializer.swift in Sources */,
				2DC0C67C5877C2F00BECEC87 /* DateUtils.swift in Sources */,
				BD166D072030A00D00CFE5C0 /* PrivacyAsker.swift in Sources */,
				BD204FEA201D9A9800965300 /* ForgetVC.swift in Sources */,
				BDE2B2E5202D793000A02987 /* UIPasswdTextField.swift in Sources */,
				2DC0C57E3ED883E67560C0E7 /* UIMiniMap.swift in Sources */,
			);
			runOnlyForDeploymentPostprocessing = 0;
		};
		BD0A6481201653E1005B19CF /* Sources */ = {
			isa = PBXSourcesBuildPhase;
			buildActionMask = 2147483647;
			files = (
				BD8EA5BB201A170E001F6BB1 /* SPMoneyMaoTest.swift in Sources */,
				BD0A648A201653E1005B19CF /* iBillTests.swift in Sources */,
				BD21FD0A2017188700062847 /* AccountMaoTest.swift in Sources */,
				BD529A0A20172DA400FB9193 /* Sampler.swift in Sources */,
				BDE2B2DA202AB9B700A02987 /* SHA256Test.swift in Sources */,
				BD529A19201797EF00FB9193 /* IconsMaoTest.swift in Sources */,
				BDB58F4F20185DFB003FE358 /* BudgetMaoTest.swift in Sources */,
				BD529A152017414600FB9193 /* TextReaderTest.swift in Sources */,
			);
			runOnlyForDeploymentPostprocessing = 0;
		};
		BD0A648C201653E1005B19CF /* Sources */ = {
			isa = PBXSourcesBuildPhase;
			buildActionMask = 2147483647;
			files = (
				BD0A6495201653E1005B19CF /* iBillUITests.swift in Sources */,
			);
			runOnlyForDeploymentPostprocessing = 0;
		};
/* End PBXSourcesBuildPhase section */

/* Begin PBXTargetDependency section */
		BD0A6487201653E1005B19CF /* PBXTargetDependency */ = {
			isa = PBXTargetDependency;
			target = BD0A646D201653E0005B19CF /* iBill */;
			targetProxy = BD0A6486201653E1005B19CF /* PBXContainerItemProxy */;
		};
		BD0A6492201653E1005B19CF /* PBXTargetDependency */ = {
			isa = PBXTargetDependency;
			target = BD0A646D201653E0005B19CF /* iBill */;
			targetProxy = BD0A6491201653E1005B19CF /* PBXContainerItemProxy */;
		};
/* End PBXTargetDependency section */

/* Begin PBXVariantGroup section */
		BD0A647D201653E1005B19CF /* LaunchScreen.storyboard */ = {
			isa = PBXVariantGroup;
			children = (
				BD0A647E201653E1005B19CF /* Base */,
			);
			name = LaunchScreen.storyboard;
			sourceTree = "<group>";
		};
/* End PBXVariantGroup section */

/* Begin XCBuildConfiguration section */
		BD0A6497201653E1005B19CF /* Debug */ = {
			isa = XCBuildConfiguration;
			buildSettings = {
				ALWAYS_SEARCH_USER_PATHS = NO;
				CLANG_ANALYZER_NONNULL = YES;
				CLANG_ANALYZER_NUMBER_OBJECT_CONVERSION = YES_AGGRESSIVE;
				CLANG_CXX_LANGUAGE_STANDARD = "gnu++14";
				CLANG_CXX_LIBRARY = "libc++";
				CLANG_ENABLE_MODULES = YES;
				CLANG_ENABLE_OBJC_ARC = YES;
				CLANG_WARN_BLOCK_CAPTURE_AUTORELEASING = YES;
				CLANG_WARN_BOOL_CONVERSION = YES;
				CLANG_WARN_COMMA = YES;
				CLANG_WARN_CONSTANT_CONVERSION = YES;
				CLANG_WARN_DIRECT_OBJC_ISA_USAGE = YES_ERROR;
				CLANG_WARN_DOCUMENTATION_COMMENTS = YES;
				CLANG_WARN_EMPTY_BODY = YES;
				CLANG_WARN_ENUM_CONVERSION = YES;
				CLANG_WARN_INFINITE_RECURSION = YES;
				CLANG_WARN_INT_CONVERSION = YES;
				CLANG_WARN_NON_LITERAL_NULL_CONVERSION = YES;
				CLANG_WARN_OBJC_LITERAL_CONVERSION = YES;
				CLANG_WARN_OBJC_ROOT_CLASS = YES_ERROR;
				CLANG_WARN_RANGE_LOOP_ANALYSIS = YES;
				CLANG_WARN_STRICT_PROTOTYPES = YES;
				CLANG_WARN_SUSPICIOUS_MOVE = YES;
				CLANG_WARN_UNGUARDED_AVAILABILITY = YES_AGGRESSIVE;
				CLANG_WARN_UNREACHABLE_CODE = YES;
				CLANG_WARN__DUPLICATE_METHOD_MATCH = YES;
				CODE_SIGN_IDENTITY = "iPhone Developer";
				COPY_PHASE_STRIP = NO;
				DEBUG_INFORMATION_FORMAT = dwarf;
				ENABLE_STRICT_OBJC_MSGSEND = YES;
				ENABLE_TESTABILITY = YES;
				GCC_C_LANGUAGE_STANDARD = gnu11;
				GCC_DYNAMIC_NO_PIC = NO;
				GCC_NO_COMMON_BLOCKS = YES;
				GCC_OPTIMIZATION_LEVEL = 0;
				GCC_PREPROCESSOR_DEFINITIONS = (
					"DEBUG=1",
					"$(inherited)",
				);
				GCC_WARN_64_TO_32_BIT_CONVERSION = YES;
				GCC_WARN_ABOUT_RETURN_TYPE = YES_ERROR;
				GCC_WARN_UNDECLARED_SELECTOR = YES;
				GCC_WARN_UNINITIALIZED_AUTOS = YES_AGGRESSIVE;
				GCC_WARN_UNUSED_FUNCTION = YES;
				GCC_WARN_UNUSED_VARIABLE = YES;
				IPHONEOS_DEPLOYMENT_TARGET = 11.2;
				MTL_ENABLE_DEBUG_INFO = YES;
				ONLY_ACTIVE_ARCH = YES;
				SDKROOT = iphoneos;
				SWIFT_ACTIVE_COMPILATION_CONDITIONS = DEBUG;
				SWIFT_OPTIMIZATION_LEVEL = "-Onone";
			};
			name = Debug;
		};
		BD0A6498201653E1005B19CF /* Release */ = {
			isa = XCBuildConfiguration;
			buildSettings = {
				ALWAYS_SEARCH_USER_PATHS = NO;
				CLANG_ANALYZER_NONNULL = YES;
				CLANG_ANALYZER_NUMBER_OBJECT_CONVERSION = YES_AGGRESSIVE;
				CLANG_CXX_LANGUAGE_STANDARD = "gnu++14";
				CLANG_CXX_LIBRARY = "libc++";
				CLANG_ENABLE_MODULES = YES;
				CLANG_ENABLE_OBJC_ARC = YES;
				CLANG_WARN_BLOCK_CAPTURE_AUTORELEASING = YES;
				CLANG_WARN_BOOL_CONVERSION = YES;
				CLANG_WARN_COMMA = YES;
				CLANG_WARN_CONSTANT_CONVERSION = YES;
				CLANG_WARN_DIRECT_OBJC_ISA_USAGE = YES_ERROR;
				CLANG_WARN_DOCUMENTATION_COMMENTS = YES;
				CLANG_WARN_EMPTY_BODY = YES;
				CLANG_WARN_ENUM_CONVERSION = YES;
				CLANG_WARN_INFINITE_RECURSION = YES;
				CLANG_WARN_INT_CONVERSION = YES;
				CLANG_WARN_NON_LITERAL_NULL_CONVERSION = YES;
				CLANG_WARN_OBJC_LITERAL_CONVERSION = YES;
				CLANG_WARN_OBJC_ROOT_CLASS = YES_ERROR;
				CLANG_WARN_RANGE_LOOP_ANALYSIS = YES;
				CLANG_WARN_STRICT_PROTOTYPES = YES;
				CLANG_WARN_SUSPICIOUS_MOVE = YES;
				CLANG_WARN_UNGUARDED_AVAILABILITY = YES_AGGRESSIVE;
				CLANG_WARN_UNREACHABLE_CODE = YES;
				CLANG_WARN__DUPLICATE_METHOD_MATCH = YES;
				CODE_SIGN_IDENTITY = "iPhone Developer";
				COPY_PHASE_STRIP = NO;
				DEBUG_INFORMATION_FORMAT = "dwarf-with-dsym";
				ENABLE_NS_ASSERTIONS = NO;
				ENABLE_STRICT_OBJC_MSGSEND = YES;
				GCC_C_LANGUAGE_STANDARD = gnu11;
				GCC_NO_COMMON_BLOCKS = YES;
				GCC_WARN_64_TO_32_BIT_CONVERSION = YES;
				GCC_WARN_ABOUT_RETURN_TYPE = YES_ERROR;
				GCC_WARN_UNDECLARED_SELECTOR = YES;
				GCC_WARN_UNINITIALIZED_AUTOS = YES_AGGRESSIVE;
				GCC_WARN_UNUSED_FUNCTION = YES;
				GCC_WARN_UNUSED_VARIABLE = YES;
				IPHONEOS_DEPLOYMENT_TARGET = 11.2;
				MTL_ENABLE_DEBUG_INFO = NO;
				SDKROOT = iphoneos;
				SWIFT_OPTIMIZATION_LEVEL = "-Owholemodule";
				VALIDATE_PRODUCT = YES;
			};
			name = Release;
		};
		BD0A649A201653E1005B19CF /* Debug */ = {
			isa = XCBuildConfiguration;
			baseConfigurationReference = 678405858B57E1C047631EC2 /* Pods-iBill.debug.xcconfig */;
			buildSettings = {
				ASSETCATALOG_COMPILER_APPICON_NAME = AppIcon;
				CODE_SIGN_STYLE = Automatic;
				DEVELOPMENT_TEAM = D3T85L2BCH;
				INFOPLIST_FILE = iBill/Info.plist;
				LD_RUNPATH_SEARCH_PATHS = "$(inherited) @executable_path/Frameworks";
				PRODUCT_BUNDLE_IDENTIFIER = CiaosGarage.iBill;
				PRODUCT_NAME = "$(TARGET_NAME)";
				SWIFT_VERSION = 4.0;
				TARGETED_DEVICE_FAMILY = 1;
			};
			name = Debug;
		};
		BD0A649B201653E1005B19CF /* Release */ = {
			isa = XCBuildConfiguration;
			baseConfigurationReference = 6C0641DAB146A0B088307CB6 /* Pods-iBill.release.xcconfig */;
			buildSettings = {
				ASSETCATALOG_COMPILER_APPICON_NAME = AppIcon;
				CODE_SIGN_STYLE = Automatic;
				DEVELOPMENT_TEAM = D3T85L2BCH;
				INFOPLIST_FILE = iBill/Info.plist;
				LD_RUNPATH_SEARCH_PATHS = "$(inherited) @executable_path/Frameworks";
				PRODUCT_BUNDLE_IDENTIFIER = CiaosGarage.iBill;
				PRODUCT_NAME = "$(TARGET_NAME)";
				SWIFT_VERSION = 4.0;
				TARGETED_DEVICE_FAMILY = 1;
			};
			name = Release;
		};
		BD0A649D201653E1005B19CF /* Debug */ = {
			isa = XCBuildConfiguration;
			buildSettings = {
				ALWAYS_EMBED_SWIFT_STANDARD_LIBRARIES = YES;
				BUNDLE_LOADER = "$(TEST_HOST)";
				CODE_SIGN_STYLE = Automatic;
				DEVELOPMENT_TEAM = D3T85L2BCH;
				INFOPLIST_FILE = iBillTests/Info.plist;
				LD_RUNPATH_SEARCH_PATHS = "$(inherited) @executable_path/Frameworks @loader_path/Frameworks";
				PRODUCT_BUNDLE_IDENTIFIER = CiaosGarage.iBillTests;
				PRODUCT_NAME = "$(TARGET_NAME)";
				SWIFT_VERSION = 4.0;
				TARGETED_DEVICE_FAMILY = "1,2";
				TEST_HOST = "$(BUILT_PRODUCTS_DIR)/iBill.app/iBill";
			};
			name = Debug;
		};
		BD0A649E201653E1005B19CF /* Release */ = {
			isa = XCBuildConfiguration;
			buildSettings = {
				ALWAYS_EMBED_SWIFT_STANDARD_LIBRARIES = YES;
				BUNDLE_LOADER = "$(TEST_HOST)";
				CODE_SIGN_STYLE = Automatic;
				DEVELOPMENT_TEAM = D3T85L2BCH;
				INFOPLIST_FILE = iBillTests/Info.plist;
				LD_RUNPATH_SEARCH_PATHS = "$(inherited) @executable_path/Frameworks @loader_path/Frameworks";
				PRODUCT_BUNDLE_IDENTIFIER = CiaosGarage.iBillTests;
				PRODUCT_NAME = "$(TARGET_NAME)";
				SWIFT_VERSION = 4.0;
				TARGETED_DEVICE_FAMILY = "1,2";
				TEST_HOST = "$(BUILT_PRODUCTS_DIR)/iBill.app/iBill";
			};
			name = Release;
		};
		BD0A64A0201653E1005B19CF /* Debug */ = {
			isa = XCBuildConfiguration;
			buildSettings = {
				ALWAYS_EMBED_SWIFT_STANDARD_LIBRARIES = YES;
				CODE_SIGN_STYLE = Automatic;
				DEVELOPMENT_TEAM = D3T85L2BCH;
				INFOPLIST_FILE = iBillUITests/Info.plist;
				LD_RUNPATH_SEARCH_PATHS = "$(inherited) @executable_path/Frameworks @loader_path/Frameworks";
				PRODUCT_BUNDLE_IDENTIFIER = CiaosGarage.iBillUITests;
				PRODUCT_NAME = "$(TARGET_NAME)";
				SWIFT_VERSION = 4.0;
				TARGETED_DEVICE_FAMILY = "1,2";
				TEST_TARGET_NAME = iBill;
			};
			name = Debug;
		};
		BD0A64A1201653E1005B19CF /* Release */ = {
			isa = XCBuildConfiguration;
			buildSettings = {
				ALWAYS_EMBED_SWIFT_STANDARD_LIBRARIES = YES;
				CODE_SIGN_STYLE = Automatic;
				DEVELOPMENT_TEAM = D3T85L2BCH;
				INFOPLIST_FILE = iBillUITests/Info.plist;
				LD_RUNPATH_SEARCH_PATHS = "$(inherited) @executable_path/Frameworks @loader_path/Frameworks";
				PRODUCT_BUNDLE_IDENTIFIER = CiaosGarage.iBillUITests;
				PRODUCT_NAME = "$(TARGET_NAME)";
				SWIFT_VERSION = 4.0;
				TARGETED_DEVICE_FAMILY = "1,2";
				TEST_TARGET_NAME = iBill;
			};
			name = Release;
		};
/* End XCBuildConfiguration section */

/* Begin XCConfigurationList section */
		BD0A6469201653E0005B19CF /* Build configuration list for PBXProject "iBill" */ = {
			isa = XCConfigurationList;
			buildConfigurations = (
				BD0A6497201653E1005B19CF /* Debug */,
				BD0A6498201653E1005B19CF /* Release */,
			);
			defaultConfigurationIsVisible = 0;
			defaultConfigurationName = Release;
		};
		BD0A6499201653E1005B19CF /* Build configuration list for PBXNativeTarget "iBill" */ = {
			isa = XCConfigurationList;
			buildConfigurations = (
				BD0A649A201653E1005B19CF /* Debug */,
				BD0A649B201653E1005B19CF /* Release */,
			);
			defaultConfigurationIsVisible = 0;
			defaultConfigurationName = Release;
		};
		BD0A649C201653E1005B19CF /* Build configuration list for PBXNativeTarget "iBillTests" */ = {
			isa = XCConfigurationList;
			buildConfigurations = (
				BD0A649D201653E1005B19CF /* Debug */,
				BD0A649E201653E1005B19CF /* Release */,
			);
			defaultConfigurationIsVisible = 0;
			defaultConfigurationName = Release;
		};
		BD0A649F201653E1005B19CF /* Build configuration list for PBXNativeTarget "iBillUITests" */ = {
			isa = XCConfigurationList;
			buildConfigurations = (
				BD0A64A0201653E1005B19CF /* Debug */,
				BD0A64A1201653E1005B19CF /* Release */,
			);
			defaultConfigurationIsVisible = 0;
			defaultConfigurationName = Release;
		};
/* End XCConfigurationList section */

/* Begin XCVersionGroup section */
		BD0A6478201653E1005B19CF /* iBill.xcdatamodeld */ = {
			isa = XCVersionGroup;
			children = (
				BD0A6479201653E1005B19CF /* iBill.xcdatamodel */,
			);
			currentVersion = BD0A6479201653E1005B19CF /* iBill.xcdatamodel */;
			path = iBill.xcdatamodeld;
			sourceTree = "<group>";
			versionGroupType = wrapper.xcdatamodel;
		};
/* End XCVersionGroup section */
	};
	rootObject = BD0A6466201653E0005B19CF /* Project object */;
}
